
Microsoft Visual Studio Solution File, Format Version 12.00
# Visual Studio Version 17
VisualStudioVersion = 17.14.36811.4 d17.14
MinimumVisualStudioVersion = 10.0.40219.1
Project("{FAE04EC0-301F-11D3-BF4B-00C04F79EFBC}") = "Project OOP 2.0", "Project OOP 2.0\Project OOP 2.0.csproj", "{2878FD7A-196E-4CC9-950F-56B9A5C86C99}"
EndProject
Global
	GlobalSection(SolutionConfigurationPlatforms) = preSolution
		Debug|Any CPU = Debug|Any CPU
		Release|Any CPU = Release|Any CPU
	EndGlobalSection
	GlobalSection(ProjectConfigurationPlatforms) = postSolution
		{2878FD7A-196E-4CC9-950F-56B9A5C86C99}.Debug|Any CPU.ActiveCfg = Debug|Any CPU
		{2878FD7A-196E-4CC9-950F-56B9A5C86C99}.Debug|Any CPU.Build.0 = Debug|Any CPU
		{2878FD7A-196E-4CC9-950F-56B9A5C86C99}.Release|Any CPU.ActiveCfg = Release|Any CPU
		{2878FD7A-196E-4CC9-950F-56B9A5C86C99}.Release|Any CPU.Build.0 = Release|Any CPU
	EndGlobalSection
	GlobalSection(SolutionProperties) = preSolution
		HideSolutionNode = FALSE
	EndGlobalSection
	GlobalSection(ExtensibilityGlobals) = postSolution
		SolutionGuid = {DA714F69-5FA5-4681-99F2-79232DA90576}
	EndGlobalSection
EndGlobal
